{
  "version": "1",
  "sources": {
    "finix": {
      "type": "GitHub",
      "fetchType": "tarball",
      "owner": "finix-community",
      "repo": "finix",
      "branch": "main",
      "revision": "78fd549fa5410ad1e5683efbba2d0f1728c12f3d",
      "url": "https://github.com/finix-community/finix/archive/78fd549fa5410ad1e5683efbba2d0f1728c12f3d.tar.gz",
      "hash": "sha256-mU5vhbdK8uBO1Cgc7pxUo5OadG2mb+TbU1mFhylEZz4="
    },
    "nixpkgs": {
      "type": "GitHub",
      "fetchType": "tarball",
      "owner": "NixOS",
      "repo": "nixpkgs",
      "branch": "nixos-unstable",
      "revision": "a799d3e3886da994fa307f817a6bc705ae538eeb",
      "url": "https://github.com/NixOS/nixpkgs/archive/a799d3e3886da994fa307f817a6bc705ae538eeb.tar.gz",
      "hash": "sha256-3av0pIjlOWQ6rDbNOmpUSvbNnJkGORQKKjb4LtCZsIY="
    }
  }
}
